// !$*UTF8*$!
{
	archiveVersion = 1;
	classes = {
	};
	objectVersion = 55;
	objects = {

/* Begin PBXBuildFile section */
		6E0AE09D27691662006A3FDA /* CreateEventCardViewController.swift in Sources */ = {isa = PBXBuildFile; fileRef = 6E0AE09C27691662006A3FDA /* CreateEventCardViewController.swift */; };
		6E0AE09F2769166C006A3FDA /* CreateEventCardViewController.xib in Resources */ = {isa = PBXBuildFile; fileRef = 6E0AE09E2769166C006A3FDA /* CreateEventCardViewController.xib */; };
		6E0AE0A22769243E006A3FDA /* FilterEventCardViewController.swift in Sources */ = {isa = PBXBuildFile; fileRef = 6E0AE0A12769243E006A3FDA /* FilterEventCardViewController.swift */; };
		6E0AE0A42769244A006A3FDA /* FilterEventCardViewController.xib in Resources */ = {isa = PBXBuildFile; fileRef = 6E0AE0A32769244A006A3FDA /* FilterEventCardViewController.xib */; };
		6E12F23D27C28C5F00FD09AF /* EventodorInterface.swift in Sources */ = {isa = PBXBuildFile; fileRef = 6E12F23C27C28C5F00FD09AF /* EventodorInterface.swift */; };
		6E12F23F27C28C8600FD09AF /* EndpointType.swift in Sources */ = {isa = PBXBuildFile; fileRef = 6E12F23E27C28C8600FD09AF /* EndpointType.swift */; };
		6E12F24127C28CAC00FD09AF /* EventodorRouter.swift in Sources */ = {isa = PBXBuildFile; fileRef = 6E12F24027C28CAC00FD09AF /* EventodorRouter.swift */; };
		6E12F24327C29D9E00FD09AF /* +Decodable.swift in Sources */ = {isa = PBXBuildFile; fileRef = 6E12F24227C29D9E00FD09AF /* +Decodable.swift */; };
		6E3CE51C27678915000E49D8 /* AppDelegate.swift in Sources */ = {isa = PBXBuildFile; fileRef = 6E3CE51B27678915000E49D8 /* AppDelegate.swift */; };
		6E3CE51E27678915000E49D8 /* SceneDelegate.swift in Sources */ = {isa = PBXBuildFile; fileRef = 6E3CE51D27678915000E49D8 /* SceneDelegate.swift */; };
		6E3CE52327678915000E49D8 /* Main.storyboard in Resources */ = {isa = PBXBuildFile; fileRef = 6E3CE52127678915000E49D8 /* Main.storyboard */; };
		6E3CE52527678918000E49D8 /* Assets.xcassets in Resources */ = {isa = PBXBuildFile; fileRef = 6E3CE52427678918000E49D8 /* Assets.xcassets */; };
		6E3CE52827678918000E49D8 /* LaunchScreen.storyboard in Resources */ = {isa = PBXBuildFile; fileRef = 6E3CE52627678918000E49D8 /* LaunchScreen.storyboard */; };
		6E3CE53127678BCC000E49D8 /* BaseTabBarController.swift in Sources */ = {isa = PBXBuildFile; fileRef = 6E3CE53027678BCC000E49D8 /* BaseTabBarController.swift */; };
		6E60F17427692DC300D8D133 /* AwardsViewController.swift in Sources */ = {isa = PBXBuildFile; fileRef = 6E60F17327692DC300D8D133 /* AwardsViewController.swift */; };
		6E60F17627692F2F00D8D133 /* AwardsViewController.xib in Resources */ = {isa = PBXBuildFile; fileRef = 6E60F17527692F2F00D8D133 /* AwardsViewController.xib */; };
		6E60F17A276930C000D8D133 /* RewardView.swift in Sources */ = {isa = PBXBuildFile; fileRef = 6E60F178276930C000D8D133 /* RewardView.swift */; };
		6E60F17B276930C000D8D133 /* RewardView.xib in Resources */ = {isa = PBXBuildFile; fileRef = 6E60F179276930C000D8D133 /* RewardView.xib */; };
		6E60F183276930C800D8D133 /* LabelCollectionCell.xib in Resources */ = {isa = PBXBuildFile; fileRef = 6E60F17E276930C800D8D133 /* LabelCollectionCell.xib */; };
		6E60F184276930C800D8D133 /* LabelCollectionCell.swift in Sources */ = {isa = PBXBuildFile; fileRef = 6E60F17F276930C800D8D133 /* LabelCollectionCell.swift */; };
		6E60F185276930C800D8D133 /* RewardCollectionCell.xib in Resources */ = {isa = PBXBuildFile; fileRef = 6E60F181276930C800D8D133 /* RewardCollectionCell.xib */; };
		6E60F186276930C800D8D133 /* RewardCollectionCell.swift in Sources */ = {isa = PBXBuildFile; fileRef = 6E60F182276930C800D8D133 /* RewardCollectionCell.swift */; };
		6E7D799527679AF3004F9228 /* Localizable.strings in Resources */ = {isa = PBXBuildFile; fileRef = 6E7D799427679AF3004F9228 /* Localizable.strings */; };
		6E7D79982767A550004F9228 /* +String.swift in Sources */ = {isa = PBXBuildFile; fileRef = 6E7D79972767A550004F9228 /* +String.swift */; };
		6E7D799B2767A678004F9228 /* ConfigValues.swift in Sources */ = {isa = PBXBuildFile; fileRef = 6E7D799A2767A678004F9228 /* ConfigValues.swift */; };
		6E7D79A12767A7EE004F9228 /* LoginViewController.swift in Sources */ = {isa = PBXBuildFile; fileRef = 6E7D79A02767A7EE004F9228 /* LoginViewController.swift */; };
		6E7D79A42767A8AA004F9228 /* EVENTODORButton.swift in Sources */ = {isa = PBXBuildFile; fileRef = 6E7D79A32767A8AA004F9228 /* EVENTODORButton.swift */; };
		6E7D79A62767A9CC004F9228 /* LoginViewController.xib in Resources */ = {isa = PBXBuildFile; fileRef = 6E7D79A52767A9CC004F9228 /* LoginViewController.xib */; };
		6E7D79A82767B243004F9228 /* BaseViewController.swift in Sources */ = {isa = PBXBuildFile; fileRef = 6E7D79A72767B243004F9228 /* BaseViewController.swift */; };
		6E7D79AA2767B5E9004F9228 /* EVENTODORTextField.swift in Sources */ = {isa = PBXBuildFile; fileRef = 6E7D79A92767B5E9004F9228 /* EVENTODORTextField.swift */; };
		6E7D79AC2767C0DA004F9228 /* RegistrationViewController.swift in Sources */ = {isa = PBXBuildFile; fileRef = 6E7D79AB2767C0DA004F9228 /* RegistrationViewController.swift */; };
		6E7D79AE2767E84D004F9228 /* RegistrationViewController.xib in Resources */ = {isa = PBXBuildFile; fileRef = 6E7D79AD2767E84D004F9228 /* RegistrationViewController.xib */; };
		6E7D79B0276888DB004F9228 /* EVENTODORCheckbox.swift in Sources */ = {isa = PBXBuildFile; fileRef = 6E7D79AF276888DB004F9228 /* EVENTODORCheckbox.swift */; };
		6E7D79B32768AD03004F9228 /* CategoryPickerViewController.swift in Sources */ = {isa = PBXBuildFile; fileRef = 6E7D79B22768AD03004F9228 /* CategoryPickerViewController.swift */; };
		6EAF9945276A9F66000C6470 /* MapViewController.swift in Sources */ = {isa = PBXBuildFile; fileRef = 6EAF9944276A9F66000C6470 /* MapViewController.swift */; };
		6EAF9947276A9FC0000C6470 /* MapViewController.xib in Resources */ = {isa = PBXBuildFile; fileRef = 6EAF9946276A9FC0000C6470 /* MapViewController.xib */; };
		6EAF9949276AA048000C6470 /* +MKMapView.swift in Sources */ = {isa = PBXBuildFile; fileRef = 6EAF9948276AA048000C6470 /* +MKMapView.swift */; };
		6EAF994B276AA2E3000C6470 /* EventMap.swift in Sources */ = {isa = PBXBuildFile; fileRef = 6EAF994A276AA2E3000C6470 /* EventMap.swift */; };
		6EAF9954276AC342000C6470 /* RegistrationViewModel.swift in Sources */ = {isa = PBXBuildFile; fileRef = 6EAF9953276AC342000C6470 /* RegistrationViewModel.swift */; };
		6EAF995E276ACCB5000C6470 /* Coordinates.json in Resources */ = {isa = PBXBuildFile; fileRef = 6EAF994D276AB149000C6470 /* Coordinates.json */; };
		6EAF995F276ACCB7000C6470 /* Authentification.json in Resources */ = {isa = PBXBuildFile; fileRef = 6EAF994E276ABC90000C6470 /* Authentification.json */; };
		6EAF9961276ACD01000C6470 /* CategoryPickerViewModel.swift in Sources */ = {isa = PBXBuildFile; fileRef = 6EAF9960276ACD01000C6470 /* CategoryPickerViewModel.swift */; };
		6EAF9963276ACD89000C6470 /* Categories.json in Resources */ = {isa = PBXBuildFile; fileRef = 6EAF9962276ACD1F000C6470 /* Categories.json */; };
		6EAF9965276AD0A8000C6470 /* AppEnvironment.swift in Sources */ = {isa = PBXBuildFile; fileRef = 6EAF9964276AD0A8000C6470 /* AppEnvironment.swift */; };
		6EAF9967276AD27F000C6470 /* EventsViewModel.swift in Sources */ = {isa = PBXBuildFile; fileRef = 6EAF9966276AD27F000C6470 /* EventsViewModel.swift */; };
		6EB670C92769386C00480908 /* ReviewViewController.swift in Sources */ = {isa = PBXBuildFile; fileRef = 6EB670C82769386C00480908 /* ReviewViewController.swift */; };
		6EB670CB2769388200480908 /* ReviewViewController.xib in Resources */ = {isa = PBXBuildFile; fileRef = 6EB670CA2769388200480908 /* ReviewViewController.xib */; };
		6EBB398427693EFF00C34CD1 /* ProfileViewController.swift in Sources */ = {isa = PBXBuildFile; fileRef = 6EBB398327693EFF00C34CD1 /* ProfileViewController.swift */; };
		6EBB39862769412B00C34CD1 /* ProfileViewController.xib in Resources */ = {isa = PBXBuildFile; fileRef = 6EBB39852769412B00C34CD1 /* ProfileViewController.xib */; };
		6EBB39892769462500C34CD1 /* EventRegCardViewController.swift in Sources */ = {isa = PBXBuildFile; fileRef = 6EBB39882769462500C34CD1 /* EventRegCardViewController.swift */; };
		6EBB398B276946B200C34CD1 /* EventRegCardViewController.xib in Resources */ = {isa = PBXBuildFile; fileRef = 6EBB398A276946B200C34CD1 /* EventRegCardViewController.xib */; };
		6EBB398E27694F2900C34CD1 /* User.swift in Sources */ = {isa = PBXBuildFile; fileRef = 6EBB398D27694F2900C34CD1 /* User.swift */; };
		6EBB399027694FAF00C34CD1 /* Event.swift in Sources */ = {isa = PBXBuildFile; fileRef = 6EBB398F27694FAF00C34CD1 /* Event.swift */; };
		6EBB3992276950E500C34CD1 /* Review.swift in Sources */ = {isa = PBXBuildFile; fileRef = 6EBB3991276950E500C34CD1 /* Review.swift */; };
		6EEA34C32768B05200481985 /* CategoryPickerViewController.xib in Resources */ = {isa = PBXBuildFile; fileRef = 6EEA34C22768B05200481985 /* CategoryPickerViewController.xib */; };
		6EEA34C62768B31D00481985 /* CategoryTableViewCell.swift in Sources */ = {isa = PBXBuildFile; fileRef = 6EEA34C52768B31C00481985 /* CategoryTableViewCell.swift */; };
		6EEA34C82768B40400481985 /* CategoryTableViewCell.xib in Resources */ = {isa = PBXBuildFile; fileRef = 6EEA34C72768B40400481985 /* CategoryTableViewCell.xib */; };
		6EEA34CA2768B4DF00481985 /* +UITableView.swift in Sources */ = {isa = PBXBuildFile; fileRef = 6EEA34C92768B4DF00481985 /* +UITableView.swift */; };
		6EEA34CD2768C55B00481985 /* EventsViewController.swift in Sources */ = {isa = PBXBuildFile; fileRef = 6EEA34CC2768C55B00481985 /* EventsViewController.swift */; };
		6EEA34CF2768C72700481985 /* EventsViewController.xib in Resources */ = {isa = PBXBuildFile; fileRef = 6EEA34CE2768C72700481985 /* EventsViewController.xib */; };
		6EEA34D22768C7AB00481985 /* EventCardTableViewCell.swift in Sources */ = {isa = PBXBuildFile; fileRef = 6EEA34D12768C7AB00481985 /* EventCardTableViewCell.swift */; };
		6EEA34D82768CAF700481985 /* EventCardTableViewCell.xib in Resources */ = {isa = PBXBuildFile; fileRef = 6EEA34D72768CAF700481985 /* EventCardTableViewCell.xib */; };
		BE4174ECC9DF327FF7F660F4 /* Pods_Eventodor.framework in Frameworks */ = {isa = PBXBuildFile; fileRef = 5E424DB5599D9E53CE3EFF6B /* Pods_Eventodor.framework */; };
/* End PBXBuildFile section */

/* Begin PBXFileReference section */
		48EA34E3EC84224E11EE8227 /* Pods-Eventodor.release.xcconfig */ = {isa = PBXFileReference; includeInIndex = 1; lastKnownFileType = text.xcconfig; name = "Pods-Eventodor.release.xcconfig"; path = "Target Support Files/Pods-Eventodor/Pods-Eventodor.release.xcconfig"; sourceTree = "<group>"; };
		5E424DB5599D9E53CE3EFF6B /* Pods_Eventodor.framework */ = {isa = PBXFileReference; explicitFileType = wrapper.framework; includeInIndex = 0; path = Pods_Eventodor.framework; sourceTree = BUILT_PRODUCTS_DIR; };
		6E0AE09C27691662006A3FDA /* CreateEventCardViewController.swift */ = {isa = PBXFileReference; lastKnownFileType = sourcecode.swift; path = CreateEventCardViewController.swift; sourceTree = "<group>"; };
		6E0AE09E2769166C006A3FDA /* CreateEventCardViewController.xib */ = {isa = PBXFileReference; lastKnownFileType = file.xib; path = CreateEventCardViewController.xib; sourceTree = "<group>"; };
		6E0AE0A12769243E006A3FDA /* FilterEventCardViewController.swift */ = {isa = PBXFileReference; lastKnownFileType = sourcecode.swift; path = FilterEventCardViewController.swift; sourceTree = "<group>"; };
		6E0AE0A32769244A006A3FDA /* FilterEventCardViewController.xib */ = {isa = PBXFileReference; lastKnownFileType = file.xib; path = FilterEventCardViewController.xib; sourceTree = "<group>"; };
		6E12F23C27C28C5F00FD09AF /* EventodorInterface.swift */ = {isa = PBXFileReference; lastKnownFileType = sourcecode.swift; path = EventodorInterface.swift; sourceTree = "<group>"; };
		6E12F23E27C28C8600FD09AF /* EndpointType.swift */ = {isa = PBXFileReference; lastKnownFileType = sourcecode.swift; path = EndpointType.swift; sourceTree = "<group>"; };
		6E12F24027C28CAC00FD09AF /* EventodorRouter.swift */ = {isa = PBXFileReference; lastKnownFileType = sourcecode.swift; path = EventodorRouter.swift; sourceTree = "<group>"; };
		6E12F24227C29D9E00FD09AF /* +Decodable.swift */ = {isa = PBXFileReference; lastKnownFileType = sourcecode.swift; path = "+Decodable.swift"; sourceTree = "<group>"; };
		6E3CE51827678915000E49D8 /* Eventodor.app */ = {isa = PBXFileReference; explicitFileType = wrapper.application; includeInIndex = 0; path = Eventodor.app; sourceTree = BUILT_PRODUCTS_DIR; };
		6E3CE51B27678915000E49D8 /* AppDelegate.swift */ = {isa = PBXFileReference; lastKnownFileType = sourcecode.swift; path = AppDelegate.swift; sourceTree = "<group>"; };
		6E3CE51D27678915000E49D8 /* SceneDelegate.swift */ = {isa = PBXFileReference; lastKnownFileType = sourcecode.swift; path = SceneDelegate.swift; sourceTree = "<group>"; };
		6E3CE52227678915000E49D8 /* Base */ = {isa = PBXFileReference; lastKnownFileType = file.storyboard; name = Base; path = Base.lproj/Main.storyboard; sourceTree = "<group>"; };
		6E3CE52427678918000E49D8 /* Assets.xcassets */ = {isa = PBXFileReference; lastKnownFileType = folder.assetcatalog; path = Assets.xcassets; sourceTree = "<group>"; };
		6E3CE52727678918000E49D8 /* Base */ = {isa = PBXFileReference; lastKnownFileType = file.storyboard; name = Base; path = Base.lproj/LaunchScreen.storyboard; sourceTree = "<group>"; };
		6E3CE52927678918000E49D8 /* Info.plist */ = {isa = PBXFileReference; lastKnownFileType = text.plist.xml; path = Info.plist; sourceTree = "<group>"; };
		6E3CE53027678BCC000E49D8 /* BaseTabBarController.swift */ = {isa = PBXFileReference; lastKnownFileType = sourcecode.swift; path = BaseTabBarController.swift; sourceTree = "<group>"; };
		6E60F17327692DC300D8D133 /* AwardsViewController.swift */ = {isa = PBXFileReference; lastKnownFileType = sourcecode.swift; path = AwardsViewController.swift; sourceTree = "<group>"; };
		6E60F17527692F2F00D8D133 /* AwardsViewController.xib */ = {isa = PBXFileReference; lastKnownFileType = file.xib; path = AwardsViewController.xib; sourceTree = "<group>"; };
		6E60F178276930C000D8D133 /* RewardView.swift */ = {isa = PBXFileReference; fileEncoding = 4; lastKnownFileType = sourcecode.swift; path = RewardView.swift; sourceTree = "<group>"; };
		6E60F179276930C000D8D133 /* RewardView.xib */ = {isa = PBXFileReference; fileEncoding = 4; lastKnownFileType = file.xib; path = RewardView.xib; sourceTree = "<group>"; };
		6E60F17E276930C800D8D133 /* LabelCollectionCell.xib */ = {isa = PBXFileReference; fileEncoding = 4; lastKnownFileType = file.xib; path = LabelCollectionCell.xib; sourceTree = "<group>"; };
		6E60F17F276930C800D8D133 /* LabelCollectionCell.swift */ = {isa = PBXFileReference; fileEncoding = 4; lastKnownFileType = sourcecode.swift; path = LabelCollectionCell.swift; sourceTree = "<group>"; };
		6E60F181276930C800D8D133 /* RewardCollectionCell.xib */ = {isa = PBXFileReference; fileEncoding = 4; lastKnownFileType = file.xib; path = RewardCollectionCell.xib; sourceTree = "<group>"; };
		6E60F182276930C800D8D133 /* RewardCollectionCell.swift */ = {isa = PBXFileReference; fileEncoding = 4; lastKnownFileType = sourcecode.swift; path = RewardCollectionCell.swift; sourceTree = "<group>"; };
		6E7D799427679AF3004F9228 /* Localizable.strings */ = {isa = PBXFileReference; lastKnownFileType = text.plist.strings; path = Localizable.strings; sourceTree = "<group>"; };
		6E7D79972767A550004F9228 /* +String.swift */ = {isa = PBXFileReference; lastKnownFileType = sourcecode.swift; path = "+String.swift"; sourceTree = "<group>"; };
		6E7D799A2767A678004F9228 /* ConfigValues.swift */ = {isa = PBXFileReference; lastKnownFileType = sourcecode.swift; path = ConfigValues.swift; sourceTree = "<group>"; };
		6E7D79A02767A7EE004F9228 /* LoginViewController.swift */ = {isa = PBXFileReference; lastKnownFileType = sourcecode.swift; path = LoginViewController.swift; sourceTree = "<group>"; };
		6E7D79A32767A8AA004F9228 /* EVENTODORButton.swift */ = {isa = PBXFileReference; lastKnownFileType = sourcecode.swift; path = EVENTODORButton.swift; sourceTree = "<group>"; };
		6E7D79A52767A9CC004F9228 /* LoginViewController.xib */ = {isa = PBXFileReference; lastKnownFileType = file.xib; path = LoginViewController.xib; sourceTree = "<group>"; };
		6E7D79A72767B243004F9228 /* BaseViewController.swift */ = {isa = PBXFileReference; lastKnownFileType = sourcecode.swift; path = BaseViewController.swift; sourceTree = "<group>"; };
		6E7D79A92767B5E9004F9228 /* EVENTODORTextField.swift */ = {isa = PBXFileReference; lastKnownFileType = sourcecode.swift; path = EVENTODORTextField.swift; sourceTree = "<group>"; };
		6E7D79AB2767C0DA004F9228 /* RegistrationViewController.swift */ = {isa = PBXFileReference; lastKnownFileType = sourcecode.swift; path = RegistrationViewController.swift; sourceTree = "<group>"; };
		6E7D79AD2767E84D004F9228 /* RegistrationViewController.xib */ = {isa = PBXFileReference; lastKnownFileType = file.xib; path = RegistrationViewController.xib; sourceTree = "<group>"; };
		6E7D79AF276888DB004F9228 /* EVENTODORCheckbox.swift */ = {isa = PBXFileReference; lastKnownFileType = sourcecode.swift; path = EVENTODORCheckbox.swift; sourceTree = "<group>"; };
		6E7D79B22768AD03004F9228 /* CategoryPickerViewController.swift */ = {isa = PBXFileReference; lastKnownFileType = sourcecode.swift; path = CategoryPickerViewController.swift; sourceTree = "<group>"; };
		6EAF9944276A9F66000C6470 /* MapViewController.swift */ = {isa = PBXFileReference; lastKnownFileType = sourcecode.swift; path = MapViewController.swift; sourceTree = "<group>"; };
		6EAF9946276A9FC0000C6470 /* MapViewController.xib */ = {isa = PBXFileReference; lastKnownFileType = file.xib; path = MapViewController.xib; sourceTree = "<group>"; };
		6EAF9948276AA048000C6470 /* +MKMapView.swift */ = {isa = PBXFileReference; lastKnownFileType = sourcecode.swift; path = "+MKMapView.swift"; sourceTree = "<group>"; };
		6EAF994A276AA2E3000C6470 /* EventMap.swift */ = {isa = PBXFileReference; lastKnownFileType = sourcecode.swift; path = EventMap.swift; sourceTree = "<group>"; };
		6EAF994D276AB149000C6470 /* Coordinates.json */ = {isa = PBXFileReference; lastKnownFileType = text.json; path = Coordinates.json; sourceTree = "<group>"; };
		6EAF994E276ABC90000C6470 /* Authentification.json */ = {isa = PBXFileReference; lastKnownFileType = text.json; path = Authentification.json; sourceTree = "<group>"; };
		6EAF9953276AC342000C6470 /* RegistrationViewModel.swift */ = {isa = PBXFileReference; lastKnownFileType = sourcecode.swift; path = RegistrationViewModel.swift; sourceTree = "<group>"; };
		6EAF9960276ACD01000C6470 /* CategoryPickerViewModel.swift */ = {isa = PBXFileReference; lastKnownFileType = sourcecode.swift; path = CategoryPickerViewModel.swift; sourceTree = "<group>"; };
		6EAF9962276ACD1F000C6470 /* Categories.json */ = {isa = PBXFileReference; lastKnownFileType = text.json; path = Categories.json; sourceTree = "<group>"; };
		6EAF9964276AD0A8000C6470 /* AppEnvironment.swift */ = {isa = PBXFileReference; lastKnownFileType = sourcecode.swift; path = AppEnvironment.swift; sourceTree = "<group>"; };
		6EAF9966276AD27F000C6470 /* EventsViewModel.swift */ = {isa = PBXFileReference; lastKnownFileType = sourcecode.swift; path = EventsViewModel.swift; sourceTree = "<group>"; };
		6EB670C82769386C00480908 /* ReviewViewController.swift */ = {isa = PBXFileReference; lastKnownFileType = sourcecode.swift; path = ReviewViewController.swift; sourceTree = "<group>"; };
		6EB670CA2769388200480908 /* ReviewViewController.xib */ = {isa = PBXFileReference; lastKnownFileType = file.xib; path = ReviewViewController.xib; sourceTree = "<group>"; };
		6EBB398327693EFF00C34CD1 /* ProfileViewController.swift */ = {isa = PBXFileReference; lastKnownFileType = sourcecode.swift; path = ProfileViewController.swift; sourceTree = "<group>"; };
		6EBB39852769412B00C34CD1 /* ProfileViewController.xib */ = {isa = PBXFileReference; lastKnownFileType = file.xib; path = ProfileViewController.xib; sourceTree = "<group>"; };
		6EBB39882769462500C34CD1 /* EventRegCardViewController.swift */ = {isa = PBXFileReference; lastKnownFileType = sourcecode.swift; path = EventRegCardViewController.swift; sourceTree = "<group>"; };
		6EBB398A276946B200C34CD1 /* EventRegCardViewController.xib */ = {isa = PBXFileReference; lastKnownFileType = file.xib; path = EventRegCardViewController.xib; sourceTree = "<group>"; };
		6EBB398D27694F2900C34CD1 /* User.swift */ = {isa = PBXFileReference; lastKnownFileType = sourcecode.swift; path = User.swift; sourceTree = "<group>"; };
		6EBB398F27694FAF00C34CD1 /* Event.swift */ = {isa = PBXFileReference; lastKnownFileType = sourcecode.swift; path = Event.swift; sourceTree = "<group>"; };
		6EBB3991276950E500C34CD1 /* Review.swift */ = {isa = PBXFileReference; lastKnownFileType = sourcecode.swift; path = Review.swift; sourceTree = "<group>"; };
		6EEA34C22768B05200481985 /* CategoryPickerViewController.xib */ = {isa = PBXFileReference; lastKnownFileType = file.xib; path = CategoryPickerViewController.xib; sourceTree = "<group>"; };
		6EEA34C52768B31C00481985 /* CategoryTableViewCell.swift */ = {isa = PBXFileReference; lastKnownFileType = sourcecode.swift; path = CategoryTableViewCell.swift; sourceTree = "<group>"; };
		6EEA34C72768B40400481985 /* CategoryTableViewCell.xib */ = {isa = PBXFileReference; lastKnownFileType = file.xib; path = CategoryTableViewCell.xib; sourceTree = "<group>"; };
		6EEA34C92768B4DF00481985 /* +UITableView.swift */ = {isa = PBXFileReference; lastKnownFileType = sourcecode.swift; path = "+UITableView.swift"; sourceTree = "<group>"; };
		6EEA34CC2768C55B00481985 /* EventsViewController.swift */ = {isa = PBXFileReference; lastKnownFileType = sourcecode.swift; path = EventsViewController.swift; sourceTree = "<group>"; };
		6EEA34CE2768C72700481985 /* EventsViewController.xib */ = {isa = PBXFileReference; lastKnownFileType = file.xib; path = EventsViewController.xib; sourceTree = "<group>"; };
		6EEA34D12768C7AB00481985 /* EventCardTableViewCell.swift */ = {isa = PBXFileReference; lastKnownFileType = sourcecode.swift; path = EventCardTableViewCell.swift; sourceTree = "<group>"; };
		6EEA34D72768CAF700481985 /* EventCardTableViewCell.xib */ = {isa = PBXFileReference; lastKnownFileType = file.xib; path = EventCardTableViewCell.xib; sourceTree = "<group>"; };
		F483C4CEF41180F44D785728 /* Pods-Eventodor.debug.xcconfig */ = {isa = PBXFileReference; includeInIndex = 1; lastKnownFileType = text.xcconfig; name = "Pods-Eventodor.debug.xcconfig"; path = "Target Support Files/Pods-Eventodor/Pods-Eventodor.debug.xcconfig"; sourceTree = "<group>"; };
/* End PBXFileReference section */

/* Begin PBXFrameworksBuildPhase section */
		6E3CE51527678915000E49D8 /* Frameworks */ = {
			isa = PBXFrameworksBuildPhase;
			buildActionMask = 2147483647;
			files = (
				BE4174ECC9DF327FF7F660F4 /* Pods_Eventodor.framework in Frameworks */,
			);
			runOnlyForDeploymentPostprocessing = 0;
		};
/* End PBXFrameworksBuildPhase section */

/* Begin PBXGroup section */
		31740DF2B2D34B8B4D768959 /* Frameworks */ = {
			isa = PBXGroup;
			children = (
				5E424DB5599D9E53CE3EFF6B /* Pods_Eventodor.framework */,
			);
			name = Frameworks;
			sourceTree = "<group>";
		};
		6E0AE09B2769163E006A3FDA /* CreateEventCard */ = {
			isa = PBXGroup;
			children = (
				6E0AE09C27691662006A3FDA /* CreateEventCardViewController.swift */,
				6E0AE09E2769166C006A3FDA /* CreateEventCardViewController.xib */,
			);
			path = CreateEventCard;
			sourceTree = "<group>";
		};
		6E0AE0A02769242A006A3FDA /* FilterEventCard */ = {
			isa = PBXGroup;
			children = (
				6E0AE0A12769243E006A3FDA /* FilterEventCardViewController.swift */,
				6E0AE0A32769244A006A3FDA /* FilterEventCardViewController.xib */,
			);
			path = FilterEventCard;
			sourceTree = "<group>";
		};
		6E12F23A27C28C0E00FD09AF /* Services */ = {
			isa = PBXGroup;
			children = (
				6E12F23B27C28C1800FD09AF /* Networking */,
			);
			path = Services;
			sourceTree = "<group>";
		};
		6E12F23B27C28C1800FD09AF /* Networking */ = {
			isa = PBXGroup;
			children = (
				6E12F23C27C28C5F00FD09AF /* EventodorInterface.swift */,
				6E12F23E27C28C8600FD09AF /* EndpointType.swift */,
			);
			path = Networking;
			sourceTree = "<group>";
		};
		6E3CE50F27678914000E49D8 = {
			isa = PBXGroup;
			children = (
				6E3CE51A27678915000E49D8 /* Eventodor */,
				6E3CE51927678915000E49D8 /* Products */,
				F6D768D65E0E000C18A14A0F /* Pods */,
				31740DF2B2D34B8B4D768959 /* Frameworks */,
			);
			sourceTree = "<group>";
		};
		6E3CE51927678915000E49D8 /* Products */ = {
			isa = PBXGroup;
			children = (
				6E3CE51827678915000E49D8 /* Eventodor.app */,
			);
			name = Products;
			sourceTree = "<group>";
		};
		6E3CE51A27678915000E49D8 /* Eventodor */ = {
			isa = PBXGroup;
			children = (
				6E12F23A27C28C0E00FD09AF /* Services */,
				6EBB398C27694DEE00C34CD1 /* Models */,
				6E7D79A22767A88F004F9228 /* CustomViews */,
				6E7D799C2767A7C1004F9228 /* Screens */,
				6E7D79992767A66A004F9228 /* Config */,
				6E7D79962767A544004F9228 /* Extensions */,
				6E3CE52F27678BB0000E49D8 /* Navigation */,
				6E3CE51B27678915000E49D8 /* AppDelegate.swift */,
				6E3CE51D27678915000E49D8 /* SceneDelegate.swift */,
				6E3CE52127678915000E49D8 /* Main.storyboard */,
				6E3CE52427678918000E49D8 /* Assets.xcassets */,
				6E7D799427679AF3004F9228 /* Localizable.strings */,
				6E3CE52627678918000E49D8 /* LaunchScreen.storyboard */,
				6E3CE52927678918000E49D8 /* Info.plist */,
				6EAF994D276AB149000C6470 /* Coordinates.json */,
				6EAF9962276ACD1F000C6470 /* Categories.json */,
				6EAF994E276ABC90000C6470 /* Authentification.json */,
				6EAF9964276AD0A8000C6470 /* AppEnvironment.swift */,
			);
			path = Eventodor;
			sourceTree = "<group>";
		};
		6E3CE52F27678BB0000E49D8 /* Navigation */ = {
			isa = PBXGroup;
			children = (
				6E3CE53027678BCC000E49D8 /* BaseTabBarController.swift */,
				6E7D79A72767B243004F9228 /* BaseViewController.swift */,
			);
			path = Navigation;
			sourceTree = "<group>";
		};
		6E60F17127692D8F00D8D133 /* AwardsTab */ = {
			isa = PBXGroup;
			children = (
				6E60F17C276930C800D8D133 /* Cells */,
				6E60F177276930C000D8D133 /* Views */,
				6E60F17327692DC300D8D133 /* AwardsViewController.swift */,
				6E60F17527692F2F00D8D133 /* AwardsViewController.xib */,
			);
			path = AwardsTab;
			sourceTree = "<group>";
		};
		6E60F177276930C000D8D133 /* Views */ = {
			isa = PBXGroup;
			children = (
				6E60F178276930C000D8D133 /* RewardView.swift */,
				6E60F179276930C000D8D133 /* RewardView.xib */,
			);
			path = Views;
			sourceTree = "<group>";
		};
		6E60F17C276930C800D8D133 /* Cells */ = {
			isa = PBXGroup;
			children = (
				6E60F17D276930C800D8D133 /* LabelCollectionCell */,
				6E60F180276930C800D8D133 /* RewardCollectionCell */,
			);
			path = Cells;
			sourceTree = "<group>";
		};
		6E60F17D276930C800D8D133 /* LabelCollectionCell */ = {
			isa = PBXGroup;
			children = (
				6E60F17E276930C800D8D133 /* LabelCollectionCell.xib */,
				6E60F17F276930C800D8D133 /* LabelCollectionCell.swift */,
			);
			path = LabelCollectionCell;
			sourceTree = "<group>";
		};
		6E60F180276930C800D8D133 /* RewardCollectionCell */ = {
			isa = PBXGroup;
			children = (
				6E60F181276930C800D8D133 /* RewardCollectionCell.xib */,
				6E60F182276930C800D8D133 /* RewardCollectionCell.swift */,
			);
			path = RewardCollectionCell;
			sourceTree = "<group>";
		};
		6E7D79962767A544004F9228 /* Extensions */ = {
			isa = PBXGroup;
			children = (
				6E7D79972767A550004F9228 /* +String.swift */,
				6EEA34C92768B4DF00481985 /* +UITableView.swift */,
				6EAF9948276AA048000C6470 /* +MKMapView.swift */,
				6E12F24227C29D9E00FD09AF /* +Decodable.swift */,
			);
			path = Extensions;
			sourceTree = "<group>";
		};
		6E7D79992767A66A004F9228 /* Config */ = {
			isa = PBXGroup;
			children = (
				6E7D799A2767A678004F9228 /* ConfigValues.swift */,
			);
			path = Config;
			sourceTree = "<group>";
		};
		6E7D799C2767A7C1004F9228 /* Screens */ = {
			isa = PBXGroup;
			children = (
				6EBB39872769460E00C34CD1 /* EventRegCard */,
				6EBB398227693EE900C34CD1 /* Tabs */,
				6EB670C72769385C00480908 /* Review */,
				6E7D79B12768ACEB004F9228 /* CategoryPicker */,
				6E7D799D2767A7CC004F9228 /* Registration */,
			);
			path = Screens;
			sourceTree = "<group>";
		};
		6E7D799D2767A7CC004F9228 /* Registration */ = {
			isa = PBXGroup;
			children = (
				6E7D799E2767A7D4004F9228 /* Login */,
				6E7D799F2767A7DA004F9228 /* Register */,
				6EAF9953276AC342000C6470 /* RegistrationViewModel.swift */,
			);
			path = Registration;
			sourceTree = "<group>";
		};
		6E7D799E2767A7D4004F9228 /* Login */ = {
			isa = PBXGroup;
			children = (
				6E7D79A02767A7EE004F9228 /* LoginViewController.swift */,
				6E7D79A52767A9CC004F9228 /* LoginViewController.xib */,
			);
			path = Login;
			sourceTree = "<group>";
		};
		6E7D799F2767A7DA004F9228 /* Register */ = {
			isa = PBXGroup;
			children = (
				6E7D79AB2767C0DA004F9228 /* RegistrationViewController.swift */,
				6E7D79AD2767E84D004F9228 /* RegistrationViewController.xib */,
			);
			path = Register;
			sourceTree = "<group>";
		};
		6E7D79A22767A88F004F9228 /* CustomViews */ = {
			isa = PBXGroup;
			children = (
				6E7D79A32767A8AA004F9228 /* EVENTODORButton.swift */,
				6E7D79A92767B5E9004F9228 /* EVENTODORTextField.swift */,
				6E7D79AF276888DB004F9228 /* EVENTODORCheckbox.swift */,
			);
			path = CustomViews;
			sourceTree = "<group>";
		};
		6E7D79B12768ACEB004F9228 /* CategoryPicker */ = {
			isa = PBXGroup;
			children = (
				6EEA34C42768B2E700481985 /* Cells */,
				6E7D79B22768AD03004F9228 /* CategoryPickerViewController.swift */,
				6EEA34C22768B05200481985 /* CategoryPickerViewController.xib */,
				6EAF9960276ACD01000C6470 /* CategoryPickerViewModel.swift */,
			);
			path = CategoryPicker;
			sourceTree = "<group>";
		};
		6EAF9943276A9F57000C6470 /* MapTab */ = {
			isa = PBXGroup;
			children = (
				6EAF9944276A9F66000C6470 /* MapViewController.swift */,
				6EAF9946276A9FC0000C6470 /* MapViewController.xib */,
			);
			path = MapTab;
			sourceTree = "<group>";
		};
		6EB670C72769385C00480908 /* Review */ = {
			isa = PBXGroup;
			children = (
				6EB670C82769386C00480908 /* ReviewViewController.swift */,
				6EB670CA2769388200480908 /* ReviewViewController.xib */,
			);
			path = Review;
			sourceTree = "<group>";
		};
		6EBB398127693EE100C34CD1 /* ProfileTab */ = {
			isa = PBXGroup;
			children = (
				6EBB398327693EFF00C34CD1 /* ProfileViewController.swift */,
				6EBB39852769412B00C34CD1 /* ProfileViewController.xib */,
			);
			path = ProfileTab;
			sourceTree = "<group>";
		};
		6EBB398227693EE900C34CD1 /* Tabs */ = {
			isa = PBXGroup;
			children = (
				6EAF9943276A9F57000C6470 /* MapTab */,
				6EBB398127693EE100C34CD1 /* ProfileTab */,
				6E60F17127692D8F00D8D133 /* AwardsTab */,
				6EEA34CB2768C52200481985 /* EventsTab */,
			);
			path = Tabs;
			sourceTree = "<group>";
		};
		6EBB39872769460E00C34CD1 /* EventRegCard */ = {
			isa = PBXGroup;
			children = (
				6EBB39882769462500C34CD1 /* EventRegCardViewController.swift */,
				6EBB398A276946B200C34CD1 /* EventRegCardViewController.xib */,
			);
			path = EventRegCard;
			sourceTree = "<group>";
		};
		6EBB398C27694DEE00C34CD1 /* Models */ = {
			isa = PBXGroup;
			children = (
				6EBB398D27694F2900C34CD1 /* User.swift */,
				6EBB398F27694FAF00C34CD1 /* Event.swift */,
				6EBB3991276950E500C34CD1 /* Review.swift */,
				6EAF994A276AA2E3000C6470 /* EventMap.swift */,
				6E12F24027C28CAC00FD09AF /* EventodorRouter.swift */,
			);
			path = Models;
			sourceTree = "<group>";
		};
		6EEA34C42768B2E700481985 /* Cells */ = {
			isa = PBXGroup;
			children = (
				6EEA34C52768B31C00481985 /* CategoryTableViewCell.swift */,
				6EEA34C72768B40400481985 /* CategoryTableViewCell.xib */,
			);
			path = Cells;
			sourceTree = "<group>";
		};
		6EEA34CB2768C52200481985 /* EventsTab */ = {
			isa = PBXGroup;
			children = (
				6E0AE0A02769242A006A3FDA /* FilterEventCard */,
				6E0AE09B2769163E006A3FDA /* CreateEventCard */,
				6EEA34D02768C79400481985 /* Cells */,
				6EEA34CC2768C55B00481985 /* EventsViewController.swift */,
				6EEA34CE2768C72700481985 /* EventsViewController.xib */,
				6EAF9966276AD27F000C6470 /* EventsViewModel.swift */,
			);
			path = EventsTab;
			sourceTree = "<group>";
		};
		6EEA34D02768C79400481985 /* Cells */ = {
			isa = PBXGroup;
			children = (
				6EEA34D12768C7AB00481985 /* EventCardTableViewCell.swift */,
				6EEA34D72768CAF700481985 /* EventCardTableViewCell.xib */,
			);
			path = Cells;
			sourceTree = "<group>";
		};
		F6D768D65E0E000C18A14A0F /* Pods */ = {
			isa = PBXGroup;
			children = (
				F483C4CEF41180F44D785728 /* Pods-Eventodor.debug.xcconfig */,
				48EA34E3EC84224E11EE8227 /* Pods-Eventodor.release.xcconfig */,
			);
			path = Pods;
			sourceTree = "<group>";
		};
/* End PBXGroup section */

/* Begin PBXNativeTarget section */
		6E3CE51727678915000E49D8 /* Eventodor */ = {
			isa = PBXNativeTarget;
			buildConfigurationList = 6E3CE52C27678918000E49D8 /* Build configuration list for PBXNativeTarget "Eventodor" */;
			buildPhases = (
				FA3D5A1A533E1D9C273F2C07 /* [CP] Check Pods Manifest.lock */,
				6E3CE51427678915000E49D8 /* Sources */,
				6E3CE51527678915000E49D8 /* Frameworks */,
				6E3CE51627678915000E49D8 /* Resources */,
				0F71579CA19C48481597D9B0 /* [CP] Embed Pods Frameworks */,
			);
			buildRules = (
			);
			dependencies = (
			);
			name = Eventodor;
			productName = Eventodor;
			productReference = 6E3CE51827678915000E49D8 /* Eventodor.app */;
			productType = "com.apple.product-type.application";
		};
/* End PBXNativeTarget section */

/* Begin PBXProject section */
		6E3CE51027678914000E49D8 /* Project object */ = {
			isa = PBXProject;
			attributes = {
				BuildIndependentTargetsInParallel = 1;
				LastSwiftUpdateCheck = 1300;
				LastUpgradeCheck = 1300;
				TargetAttributes = {
					6E3CE51727678915000E49D8 = {
						CreatedOnToolsVersion = 13.0;
					};
				};
			};
			buildConfigurationList = 6E3CE51327678914000E49D8 /* Build configuration list for PBXProject "Eventodor" */;
			compatibilityVersion = "Xcode 13.0";
			developmentRegion = en;
			hasScannedForEncodings = 0;
			knownRegions = (
				en,
				Base,
			);
			mainGroup = 6E3CE50F27678914000E49D8;
			productRefGroup = 6E3CE51927678915000E49D8 /* Products */;
			projectDirPath = "";
			projectRoot = "";
			targets = (
				6E3CE51727678915000E49D8 /* Eventodor */,
			);
		};
/* End PBXProject section */

/* Begin PBXResourcesBuildPhase section */
		6E3CE51627678915000E49D8 /* Resources */ = {
			isa = PBXResourcesBuildPhase;
			buildActionMask = 2147483647;
			files = (
				6EAF995F276ACCB7000C6470 /* Authentification.json in Resources */,
				6EBB39862769412B00C34CD1 /* ProfileViewController.xib in Resources */,
				6E7D79A62767A9CC004F9228 /* LoginViewController.xib in Resources */,
				6E60F17B276930C000D8D133 /* RewardView.xib in Resources */,
				6EAF9947276A9FC0000C6470 /* MapViewController.xib in Resources */,
				6E3CE52827678918000E49D8 /* LaunchScreen.storyboard in Resources */,
				6EB670CB2769388200480908 /* ReviewViewController.xib in Resources */,
				6EAF995E276ACCB5000C6470 /* Coordinates.json in Resources */,
				6EEA34C32768B05200481985 /* CategoryPickerViewController.xib in Resources */,
				6EBB398B276946B200C34CD1 /* EventRegCardViewController.xib in Resources */,
				6EEA34C82768B40400481985 /* CategoryTableViewCell.xib in Resources */,
				6E60F183276930C800D8D133 /* LabelCollectionCell.xib in Resources */,
				6EEA34D82768CAF700481985 /* EventCardTableViewCell.xib in Resources */,
				6EAF9963276ACD89000C6470 /* Categories.json in Resources */,
				6EEA34CF2768C72700481985 /* EventsViewController.xib in Resources */,
				6E7D799527679AF3004F9228 /* Localizable.strings in Resources */,
				6E60F17627692F2F00D8D133 /* AwardsViewController.xib in Resources */,
				6E60F185276930C800D8D133 /* RewardCollectionCell.xib in Resources */,
				6E7D79AE2767E84D004F9228 /* RegistrationViewController.xib in Resources */,
				6E0AE09F2769166C006A3FDA /* CreateEventCardViewController.xib in Resources */,
				6E3CE52527678918000E49D8 /* Assets.xcassets in Resources */,
				6E0AE0A42769244A006A3FDA /* FilterEventCardViewController.xib in Resources */,
				6E3CE52327678915000E49D8 /* Main.storyboard in Resources */,
			);
			runOnlyForDeploymentPostprocessing = 0;
		};
/* End PBXResourcesBuildPhase section */

/* Begin PBXShellScriptBuildPhase section */
		0F71579CA19C48481597D9B0 /* [CP] Embed Pods Frameworks */ = {
			isa = PBXShellScriptBuildPhase;
			buildActionMask = 2147483647;
			files = (
			);
			inputFileListPaths = (
				"${PODS_ROOT}/Target Support Files/Pods-Eventodor/Pods-Eventodor-frameworks-${CONFIGURATION}-input-files.xcfilelist",
			);
			name = "[CP] Embed Pods Frameworks";
			outputFileListPaths = (
				"${PODS_ROOT}/Target Support Files/Pods-Eventodor/Pods-Eventodor-frameworks-${CONFIGURATION}-output-files.xcfilelist",
			);
			runOnlyForDeploymentPostprocessing = 0;
			shellPath = /bin/sh;
			shellScript = "\"${PODS_ROOT}/Target Support Files/Pods-Eventodor/Pods-Eventodor-frameworks.sh\"\n";
			showEnvVarsInLog = 0;
		};
		FA3D5A1A533E1D9C273F2C07 /* [CP] Check Pods Manifest.lock */ = {
			isa = PBXShellScriptBuildPhase;
			buildActionMask = 2147483647;
			files = (
			);
			inputFileListPaths = (
			);
			inputPaths = (
				"${PODS_PODFILE_DIR_PATH}/Podfile.lock",
				"${PODS_ROOT}/Manifest.lock",
			);
			name = "[CP] Check Pods Manifest.lock";
			outputFileListPaths = (
			);
			outputPaths = (
				"$(DERIVED_FILE_DIR)/Pods-Eventodor-checkManifestLockResult.txt",
			);
			runOnlyForDeploymentPostprocessing = 0;
			shellPath = /bin/sh;
			shellScript = "diff \"${PODS_PODFILE_DIR_PATH}/Podfile.lock\" \"${PODS_ROOT}/Manifest.lock\" > /dev/null\nif [ $? != 0 ] ; then\n    # print error to STDERR\n    echo \"error: The sandbox is not in sync with the Podfile.lock. Run 'pod install' or update your CocoaPods installation.\" >&2\n    exit 1\nfi\n# This output is used by Xcode 'outputs' to avoid re-running this script phase.\necho \"SUCCESS\" > \"${SCRIPT_OUTPUT_FILE_0}\"\n";
			showEnvVarsInLog = 0;
		};
/* End PBXShellScriptBuildPhase section */

/* Begin PBXSourcesBuildPhase section */
		6E3CE51427678915000E49D8 /* Sources */ = {
			isa = PBXSourcesBuildPhase;
			buildActionMask = 2147483647;
			files = (
				6EBB398E27694F2900C34CD1 /* User.swift in Sources */,
				6EB670C92769386C00480908 /* ReviewViewController.swift in Sources */,
				6E0AE0A22769243E006A3FDA /* FilterEventCardViewController.swift in Sources */,
				6EAF994B276AA2E3000C6470 /* EventMap.swift in Sources */,
				6E60F184276930C800D8D133 /* LabelCollectionCell.swift in Sources */,
				6E7D79B32768AD03004F9228 /* CategoryPickerViewController.swift in Sources */,
				6E12F23D27C28C5F00FD09AF /* EventodorInterface.swift in Sources */,
				6EAF9949276AA048000C6470 /* +MKMapView.swift in Sources */,
				6E7D79B0276888DB004F9228 /* EVENTODORCheckbox.swift in Sources */,
				6E12F24127C28CAC00FD09AF /* EventodorRouter.swift in Sources */,
				6E60F17A276930C000D8D133 /* RewardView.swift in Sources */,
				6EBB398427693EFF00C34CD1 /* ProfileViewController.swift in Sources */,
				6E7D79A12767A7EE004F9228 /* LoginViewController.swift in Sources */,
				6EBB3992276950E500C34CD1 /* Review.swift in Sources */,
				6EEA34CA2768B4DF00481985 /* +UITableView.swift in Sources */,
				6EBB399027694FAF00C34CD1 /* Event.swift in Sources */,
				6E3CE53127678BCC000E49D8 /* BaseTabBarController.swift in Sources */,
				6E3CE51C27678915000E49D8 /* AppDelegate.swift in Sources */,
				6EEA34D22768C7AB00481985 /* EventCardTableViewCell.swift in Sources */,
				6E60F17427692DC300D8D133 /* AwardsViewController.swift in Sources */,
				6E7D79A42767A8AA004F9228 /* EVENTODORButton.swift in Sources */,
				6E7D79AC2767C0DA004F9228 /* RegistrationViewController.swift in Sources */,
				6E12F23F27C28C8600FD09AF /* EndpointType.swift in Sources */,
				6E7D79982767A550004F9228 /* +String.swift in Sources */,
				6EBB39892769462500C34CD1 /* EventRegCardViewController.swift in Sources */,
				6E7D79A82767B243004F9228 /* BaseViewController.swift in Sources */,
				6E7D79AA2767B5E9004F9228 /* EVENTODORTextField.swift in Sources */,
				6E0AE09D27691662006A3FDA /* CreateEventCardViewController.swift in Sources */,
				6EAF9967276AD27F000C6470 /* EventsViewModel.swift in Sources */,
				6E7D799B2767A678004F9228 /* ConfigValues.swift in Sources */,
				6E60F186276930C800D8D133 /* RewardCollectionCell.swift in Sources */,
				6EEA34C62768B31D00481985 /* CategoryTableViewCell.swift in Sources */,
				6E3CE51E27678915000E49D8 /* SceneDelegate.swift in Sources */,
				6EAF9954276AC342000C6470 /* RegistrationViewModel.swift in Sources */,
				6E12F24327C29D9E00FD09AF /* +Decodable.swift in Sources */,
				6EAF9961276ACD01000C6470 /* CategoryPickerViewModel.swift in Sources */,
				6EAF9945276A9F66000C6470 /* MapViewController.swift in Sources */,
				6EEA34CD2768C55B00481985 /* EventsViewController.swift in Sources */,
				6EAF9965276AD0A8000C6470 /* AppEnvironment.swift in Sources */,
			);
			runOnlyForDeploymentPostprocessing = 0;
		};
/* End PBXSourcesBuildPhase section */

/* Begin PBXVariantGroup section */
		6E3CE52127678915000E49D8 /* Main.storyboard */ = {
			isa = PBXVariantGroup;
			children = (
				6E3CE52227678915000E49D8 /* Base */,
			);
			name = Main.storyboard;
			sourceTree = "<group>";
		};
		6E3CE52627678918000E49D8 /* LaunchScreen.storyboard */ = {
			isa = PBXVariantGroup;
			children = (
				6E3CE52727678918000E49D8 /* Base */,
			);
			name = LaunchScreen.storyboard;
			sourceTree = "<group>";
		};
/* End PBXVariantGroup section */

/* Begin XCBuildConfiguration section */
		6E3CE52A27678918000E49D8 /* Debug */ = {
			isa = XCBuildConfiguration;
			buildSettings = {
				ALWAYS_SEARCH_USER_PATHS = NO;
				CLANG_ANALYZER_LOCALIZABILITY_NONLOCALIZED = YES;
				CLANG_ANALYZER_NONNULL = YES;
				CLANG_ANALYZER_NUMBER_OBJECT_CONVERSION = YES_AGGRESSIVE;
				CLANG_CXX_LANGUAGE_STANDARD = "gnu++17";
				CLANG_CXX_LIBRARY = "libc++";
				CLANG_ENABLE_MODULES = YES;
				CLANG_ENABLE_OBJC_ARC = YES;
				CLANG_ENABLE_OBJC_WEAK = YES;
				CLANG_WARN_BLOCK_CAPTURE_AUTORELEASING = YES;
				CLANG_WARN_BOOL_CONVERSION = YES;
				CLANG_WARN_COMMA = YES;
				CLANG_WARN_CONSTANT_CONVERSION = YES;
				CLANG_WARN_DEPRECATED_OBJC_IMPLEMENTATIONS = YES;
				CLANG_WARN_DIRECT_OBJC_ISA_USAGE = YES_ERROR;
				CLANG_WARN_DOCUMENTATION_COMMENTS = YES;
				CLANG_WARN_EMPTY_BODY = YES;
				CLANG_WARN_ENUM_CONVERSION = YES;
				CLANG_WARN_INFINITE_RECURSION = YES;
				CLANG_WARN_INT_CONVERSION = YES;
				CLANG_WARN_NON_LITERAL_NULL_CONVERSION = YES;
				CLANG_WARN_OBJC_IMPLICIT_RETAIN_SELF = YES;
				CLANG_WARN_OBJC_LITERAL_CONVERSION = YES;
				CLANG_WARN_OBJC_ROOT_CLASS = YES_ERROR;
				CLANG_WARN_QUOTED_INCLUDE_IN_FRAMEWORK_HEADER = YES;
				CLANG_WARN_RANGE_LOOP_ANALYSIS = YES;
				CLANG_WARN_STRICT_PROTOTYPES = YES;
				CLANG_WARN_SUSPICIOUS_MOVE = YES;
				CLANG_WARN_UNGUARDED_AVAILABILITY = YES_AGGRESSIVE;
				CLANG_WARN_UNREACHABLE_CODE = YES;
				CLANG_WARN__DUPLICATE_METHOD_MATCH = YES;
				COPY_PHASE_STRIP = NO;
				DEBUG_INFORMATION_FORMAT = dwarf;
				ENABLE_STRICT_OBJC_MSGSEND = YES;
				ENABLE_TESTABILITY = YES;
				GCC_C_LANGUAGE_STANDARD = gnu11;
				GCC_DYNAMIC_NO_PIC = NO;
				GCC_NO_COMMON_BLOCKS = YES;
				GCC_OPTIMIZATION_LEVEL = 0;
				GCC_PREPROCESSOR_DEFINITIONS = (
					"DEBUG=1",
					"$(inherited)",
				);
				GCC_WARN_64_TO_32_BIT_CONVERSION = YES;
				GCC_WARN_ABOUT_RETURN_TYPE = YES_ERROR;
				GCC_WARN_UNDECLARED_SELECTOR = YES;
				GCC_WARN_UNINITIALIZED_AUTOS = YES_AGGRESSIVE;
				GCC_WARN_UNUSED_FUNCTION = YES;
				GCC_WARN_UNUSED_VARIABLE = YES;
				IPHONEOS_DEPLOYMENT_TARGET = 15.0;
				MTL_ENABLE_DEBUG_INFO = INCLUDE_SOURCE;
				MTL_FAST_MATH = YES;
				ONLY_ACTIVE_ARCH = YES;
				SDKROOT = iphoneos;
				SWIFT_ACTIVE_COMPILATION_CONDITIONS = DEBUG;
				SWIFT_OPTIMIZATION_LEVEL = "-Onone";
			};
			name = Debug;
		};
		6E3CE52B27678918000E49D8 /* Release */ = {
			isa = XCBuildConfiguration;
			buildSettings = {
				ALWAYS_SEARCH_USER_PATHS = NO;
				CLANG_ANALYZER_LOCALIZABILITY_NONLOCALIZED = YES;
				CLANG_ANALYZER_NONNULL = YES;
				CLANG_ANALYZER_NUMBER_OBJECT_CONVERSION = YES_AGGRESSIVE;
				CLANG_CXX_LANGUAGE_STANDARD = "gnu++17";
				CLANG_CXX_LIBRARY = "libc++";
				CLANG_ENABLE_MODULES = YES;
				CLANG_ENABLE_OBJC_ARC = YES;
				CLANG_ENABLE_OBJC_WEAK = YES;
				CLANG_WARN_BLOCK_CAPTURE_AUTORELEASING = YES;
				CLANG_WARN_BOOL_CONVERSION = YES;
				CLANG_WARN_COMMA = YES;
				CLANG_WARN_CONSTANT_CONVERSION = YES;
				CLANG_WARN_DEPRECATED_OBJC_IMPLEMENTATIONS = YES;
				CLANG_WARN_DIRECT_OBJC_ISA_USAGE = YES_ERROR;
				CLANG_WARN_DOCUMENTATION_COMMENTS = YES;
				CLANG_WARN_EMPTY_BODY = YES;
				CLANG_WARN_ENUM_CONVERSION = YES;
				CLANG_WARN_INFINITE_RECURSION = YES;
				CLANG_WARN_INT_CONVERSION = YES;
				CLANG_WARN_NON_LITERAL_NULL_CONVERSION = YES;
				CLANG_WARN_OBJC_IMPLICIT_RETAIN_SELF = YES;
				CLANG_WARN_OBJC_LITERAL_CONVERSION = YES;
				CLANG_WARN_OBJC_ROOT_CLASS = YES_ERROR;
				CLANG_WARN_QUOTED_INCLUDE_IN_FRAMEWORK_HEADER = YES;
				CLANG_WARN_RANGE_LOOP_ANALYSIS = YES;
				CLANG_WARN_STRICT_PROTOTYPES = YES;
				CLANG_WARN_SUSPICIOUS_MOVE = YES;
				CLANG_WARN_UNGUARDED_AVAILABILITY = YES_AGGRESSIVE;
				CLANG_WARN_UNREACHABLE_CODE = YES;
				CLANG_WARN__DUPLICATE_METHOD_MATCH = YES;
				COPY_PHASE_STRIP = NO;
				DEBUG_INFORMATION_FORMAT = "dwarf-with-dsym";
				ENABLE_NS_ASSERTIONS = NO;
				ENABLE_STRICT_OBJC_MSGSEND = YES;
				GCC_C_LANGUAGE_STANDARD = gnu11;
				GCC_NO_COMMON_BLOCKS = YES;
				GCC_WARN_64_TO_32_BIT_CONVERSION = YES;
				GCC_WARN_ABOUT_RETURN_TYPE = YES_ERROR;
				GCC_WARN_UNDECLARED_SELECTOR = YES;
				GCC_WARN_UNINITIALIZED_AUTOS = YES_AGGRESSIVE;
				GCC_WARN_UNUSED_FUNCTION = YES;
				GCC_WARN_UNUSED_VARIABLE = YES;
				IPHONEOS_DEPLOYMENT_TARGET = 15.0;
				MTL_ENABLE_DEBUG_INFO = NO;
				MTL_FAST_MATH = YES;
				SDKROOT = iphoneos;
				SWIFT_COMPILATION_MODE = wholemodule;
				SWIFT_OPTIMIZATION_LEVEL = "-O";
				VALIDATE_PRODUCT = YES;
			};
			name = Release;
		};
		6E3CE52D27678918000E49D8 /* Debug */ = {
			isa = XCBuildConfiguration;
			baseConfigurationReference = F483C4CEF41180F44D785728 /* Pods-Eventodor.debug.xcconfig */;
			buildSettings = {
				ASSETCATALOG_COMPILER_APPICON_NAME = AppIcon;
				ASSETCATALOG_COMPILER_GLOBAL_ACCENT_COLOR_NAME = AccentColor;
				CODE_SIGN_STYLE = Automatic;
				CURRENT_PROJECT_VERSION = 1;
				GENERATE_INFOPLIST_FILE = YES;
				INFOPLIST_FILE = Eventodor/Info.plist;
				INFOPLIST_KEY_UIApplicationSupportsIndirectInputEvents = YES;
				INFOPLIST_KEY_UILaunchStoryboardName = LaunchScreen;
				INFOPLIST_KEY_UIMainStoryboardFile = Main;
				INFOPLIST_KEY_UISupportedInterfaceOrientations_iPad = "UIInterfaceOrientationPortrait UIInterfaceOrientationPortraitUpsideDown UIInterfaceOrientationLandscapeLeft UIInterfaceOrientationLandscapeRight";
				INFOPLIST_KEY_UISupportedInterfaceOrientations_iPhone = "UIInterfaceOrientationPortrait UIInterfaceOrientationLandscapeLeft UIInterfaceOrientationLandscapeRight";
				LD_RUNPATH_SEARCH_PATHS = (
					"$(inherited)",
					"@executable_path/Frameworks",
				);
				MARKETING_VERSION = 1.0;
				PRODUCT_BUNDLE_IDENTIFIER = "com.constant-group.Eventodor";
				PRODUCT_NAME = "$(TARGET_NAME)";
				SWIFT_EMIT_LOC_STRINGS = YES;
				SWIFT_VERSION = 5.0;
				TARGETED_DEVICE_FAMILY = "1,2";
			};
			name = Debug;
		};
		6E3CE52E27678918000E49D8 /* Release */ = {
			isa = XCBuildConfiguration;
			baseConfigurationReference = 48EA34E3EC84224E11EE8227 /* Pods-Eventodor.release.xcconfig */;
			buildSettings = {
				ASSETCATALOG_COMPILER_APPICON_NAME = AppIcon;
				ASSETCATALOG_COMPILER_GLOBAL_ACCENT_COLOR_NAME = AccentColor;
				CODE_SIGN_STYLE = Automatic;
				CURRENT_PROJECT_VERSION = 1;
				GENERATE_INFOPLIST_FILE = YES;
				INFOPLIST_FILE = Eventodor/Info.plist;
				INFOPLIST_KEY_UIApplicationSupportsIndirectInputEvents = YES;
				INFOPLIST_KEY_UILaunchStoryboardName = LaunchScreen;
				INFOPLIST_KEY_UIMainStoryboardFile = Main;
				INFOPLIST_KEY_UISupportedInterfaceOrientations_iPad = "UIInterfaceOrientationPortrait UIInterfaceOrientationPortraitUpsideDown UIInterfaceOrientationLandscapeLeft UIInterfaceOrientationLandscapeRight";
				INFOPLIST_KEY_UISupportedInterfaceOrientations_iPhone = "UIInterfaceOrientationPortrait UIInterfaceOrientationLandscapeLeft UIInterfaceOrientationLandscapeRight";
				LD_RUNPATH_SEARCH_PATHS = (
					"$(inherited)",
					"@executable_path/Frameworks",
				);
				MARKETING_VERSION = 1.0;
				PRODUCT_BUNDLE_IDENTIFIER = "com.constant-group.Eventodor";
				PRODUCT_NAME = "$(TARGET_NAME)";
				SWIFT_EMIT_LOC_STRINGS = YES;
				SWIFT_VERSION = 5.0;
				TARGETED_DEVICE_FAMILY = "1,2";
			};
			name = Release;
		};
/* End XCBuildConfiguration section */

/* Begin XCConfigurationList section */
		6E3CE51327678914000E49D8 /* Build configuration list for PBXProject "Eventodor" */ = {
			isa = XCConfigurationList;
			buildConfigurations = (
				6E3CE52A27678918000E49D8 /* Debug */,
				6E3CE52B27678918000E49D8 /* Release */,
			);
			defaultConfigurationIsVisible = 0;
			defaultConfigurationName = Release;
		};
		6E3CE52C27678918000E49D8 /* Build configuration list for PBXNativeTarget "Eventodor" */ = {
			isa = XCConfigurationList;
			buildConfigurations = (
				6E3CE52D27678918000E49D8 /* Debug */,
				6E3CE52E27678918000E49D8 /* Release */,
			);
			defaultConfigurationIsVisible = 0;
			defaultConfigurationName = Release;
		};
/* End XCConfigurationList section */
	};
	rootObject = 6E3CE51027678914000E49D8 /* Project object */;
}
